// !$*UTF8*$!
{
	archiveVersion = 1;
	classes = {
	};
	objectVersion = 46;
	objects = {

/* Begin PBXBuildFile section */
		1A6522061C972A670018A9F0 /* main.m in Sources */ = {isa = PBXBuildFile; fileRef = 1A6522051C972A670018A9F0 /* main.m */; };
		1A6522091C972A670018A9F0 /* AppDelegate.m in Sources */ = {isa = PBXBuildFile; fileRef = 1A6522081C972A670018A9F0 /* AppDelegate.m */; };
		1A65220C1C972A670018A9F0 /* ViewController.m in Sources */ = {isa = PBXBuildFile; fileRef = 1A65220B1C972A670018A9F0 /* ViewController.m */; };
		1A65220F1C972A670018A9F0 /* Main.storyboard in Resources */ = {isa = PBXBuildFile; fileRef = 1A65220D1C972A670018A9F0 /* Main.storyboard */; };
		1A6522111C972A670018A9F0 /* Assets.xcassets in Resources */ = {isa = PBXBuildFile; fileRef = 1A6522101C972A670018A9F0 /* Assets.xcassets */; };
		1A6522141C972A670018A9F0 /* LaunchScreen.storyboard in Resources */ = {isa = PBXBuildFile; fileRef = 1A6522121C972A670018A9F0 /* LaunchScreen.storyboard */; };
		1A65221F1C972A670018A9F0 /* _____Tests.m in Sources */ = {isa = PBXBuildFile; fileRef = 1A65221E1C972A670018A9F0 /* _____Tests.m */; };
		1A65222A1C972A670018A9F0 /* _____UITests.m in Sources */ = {isa = PBXBuildFile; fileRef = 1A6522291C972A670018A9F0 /* _____UITests.m */; };
		1A65223C1C972B8E0018A9F0 /* JYScrollView.m in Sources */ = {isa = PBXBuildFile; fileRef = 1A65223B1C972B8E0018A9F0 /* JYScrollView.m */; };
		1A65225F1C972BA20018A9F0 /* MKAnnotationView+WebCache.m in Sources */ = {isa = PBXBuildFile; fileRef = 1A65223F1C972BA20018A9F0 /* MKAnnotationView+WebCache.m */; };
		1A6522601C972BA20018A9F0 /* NSData+ImageContentType.m in Sources */ = {isa = PBXBuildFile; fileRef = 1A6522411C972BA20018A9F0 /* NSData+ImageContentType.m */; };
		1A6522611C972BA20018A9F0 /* SDImageCache.m in Sources */ = {isa = PBXBuildFile; fileRef = 1A6522431C972BA20018A9F0 /* SDImageCache.m */; };
		1A6522621C972BA20018A9F0 /* SDWebImageCompat.m in Sources */ = {isa = PBXBuildFile; fileRef = 1A6522451C972BA20018A9F0 /* SDWebImageCompat.m */; };
		1A6522631C972BA20018A9F0 /* SDWebImageDecoder.m in Sources */ = {isa = PBXBuildFile; fileRef = 1A6522471C972BA20018A9F0 /* SDWebImageDecoder.m */; };
		1A6522641C972BA20018A9F0 /* SDWebImageDownloader.m in Sources */ = {isa = PBXBuildFile; fileRef = 1A6522491C972BA20018A9F0 /* SDWebImageDownloader.m */; };
		1A6522651C972BA20018A9F0 /* SDWebImageDownloaderOperation.m in Sources */ = {isa = PBXBuildFile; fileRef = 1A65224B1C972BA20018A9F0 /* SDWebImageDownloaderOperation.m */; };
		1A6522661C972BA20018A9F0 /* SDWebImageManager.m in Sources */ = {isa = PBXBuildFile; fileRef = 1A65224D1C972BA20018A9F0 /* SDWebImageManager.m */; };
		1A6522671C972BA20018A9F0 /* SDWebImagePrefetcher.m in Sources */ = {isa = PBXBuildFile; fileRef = 1A6522501C972BA20018A9F0 /* SDWebImagePrefetcher.m */; };
		1A6522681C972BA20018A9F0 /* UIButton+WebCache.m in Sources */ = {isa = PBXBuildFile; fileRef = 1A6522521C972BA20018A9F0 /* UIButton+WebCache.m */; };
		1A6522691C972BA20018A9F0 /* UIImage+GIF.m in Sources */ = {isa = PBXBuildFile; fileRef = 1A6522541C972BA20018A9F0 /* UIImage+GIF.m */; };
		1A65226A1C972BA20018A9F0 /* UIImage+MultiFormat.m in Sources */ = {isa = PBXBuildFile; fileRef = 1A6522561C972BA20018A9F0 /* UIImage+MultiFormat.m */; };
		1A65226B1C972BA20018A9F0 /* UIImage+WebP.m in Sources */ = {isa = PBXBuildFile; fileRef = 1A6522581C972BA20018A9F0 /* UIImage+WebP.m */; };
		1A65226C1C972BA20018A9F0 /* UIImageView+HighlightedWebCache.m in Sources */ = {isa = PBXBuildFile; fileRef = 1A65225A1C972BA20018A9F0 /* UIImageView+HighlightedWebCache.m */; };
		1A65226D1C972BA20018A9F0 /* UIImageView+WebCache.m in Sources */ = {isa = PBXBuildFile; fileRef = 1A65225C1C972BA20018A9F0 /* UIImageView+WebCache.m */; };
		1A65226E1C972BA20018A9F0 /* UIView+WebCacheOperation.m in Sources */ = {isa = PBXBuildFile; fileRef = 1A65225E1C972BA20018A9F0 /* UIView+WebCacheOperation.m */; };
		1A6522711C9734AB0018A9F0 /* imageDataArr.plist in Resources */ = {isa = PBXBuildFile; fileRef = 1A6522701C9734AB0018A9F0 /* imageDataArr.plist */; };
/* End PBXBuildFile section */

/* Begin PBXContainerItemProxy section */
		1A65221B1C972A670018A9F0 /* PBXContainerItemProxy */ = {
			isa = PBXContainerItemProxy;
			containerPortal = 1A6521F91C972A670018A9F0 /* Project object */;
			proxyType = 1;
			remoteGlobalIDString = 1A6522001C972A670018A9F0;
			remoteInfo = "图片轮播器";
		};
		1A6522261C972A670018A9F0 /* PBXContainerItemProxy */ = {
			isa = PBXContainerItemProxy;
			containerPortal = 1A6521F91C972A670018A9F0 /* Project object */;
			proxyType = 1;
			remoteGlobalIDString = 1A6522001C972A670018A9F0;
			remoteInfo = "图片轮播器";
		};
/* End PBXContainerItemProxy section */

/* Begin PBXFileReference section */
		1A6522011C972A670018A9F0 /* 图片轮播器.app */ = {isa = PBXFileReference; explicitFileType = wrapper.application; includeInIndex = 0; path = "图片轮播器.app"; sourceTree = BUILT_PRODUCTS_DIR; };
		1A6522051C972A670018A9F0 /* main.m */ = {isa = PBXFileReference; lastKnownFileType = sourcecode.c.objc; path = main.m; sourceTree = "<group>"; };
		1A6522071C972A670018A9F0 /* AppDelegate.h */ = {isa = PBXFileReference; lastKnownFileType = sourcecode.c.h; path = AppDelegate.h; sourceTree = "<group>"; };
		1A6522081C972A670018A9F0 /* AppDelegate.m */ = {isa = PBXFileReference; lastKnownFileType = sourcecode.c.objc; path = AppDelegate.m; sourceTree = "<group>"; };
		1A65220A1C972A670018A9F0 /* ViewController.h */ = {isa = PBXFileReference; lastKnownFileType = sourcecode.c.h; path = ViewController.h; sourceTree = "<group>"; };
		1A65220B1C972A670018A9F0 /* ViewController.m */ = {isa = PBXFileReference; lastKnownFileType = sourcecode.c.objc; path = ViewController.m; sourceTree = "<group>"; };
		1A65220E1C972A670018A9F0 /* Base */ = {isa = PBXFileReference; lastKnownFileType = file.storyboard; name = Base; path = Base.lproj/Main.storyboard; sourceTree = "<group>"; };
		1A6522101C972A670018A9F0 /* Assets.xcassets */ = {isa = PBXFileReference; lastKnownFileType = folder.assetcatalog; path = Assets.xcassets; sourceTree = "<group>"; };
		1A6522131C972A670018A9F0 /* Base */ = {isa = PBXFileReference; lastKnownFileType = file.storyboard; name = Base; path = Base.lproj/LaunchScreen.storyboard; sourceTree = "<group>"; };
		1A6522151C972A670018A9F0 /* Info.plist */ = {isa = PBXFileReference; lastKnownFileType = text.plist.xml; path = Info.plist; sourceTree = "<group>"; };
		1A65221A1C972A670018A9F0 /* 图片轮播器Tests.xctest */ = {isa = PBXFileReference; explicitFileType = wrapper.cfbundle; includeInIndex = 0; path = "图片轮播器Tests.xctest"; sourceTree = BUILT_PRODUCTS_DIR; };
		1A65221E1C972A670018A9F0 /* _____Tests.m */ = {isa = PBXFileReference; lastKnownFileType = sourcecode.c.objc; path = "_____Tests.m"; sourceTree = "<group>"; };
		1A6522201C972A670018A9F0 /* Info.plist */ = {isa = PBXFileReference; lastKnownFileType = text.plist.xml; path = Info.plist; sourceTree = "<group>"; };
		1A6522251C972A670018A9F0 /* 图片轮播器UITests.xctest */ = {isa = PBXFileReference; explicitFileType = wrapper.cfbundle; includeInIndex = 0; path = "图片轮播器UITests.xctest"; sourceTree = BUILT_PRODUCTS_DIR; };
		1A6522291C972A670018A9F0 /* _____UITests.m */ = {isa = PBXFileReference; lastKnownFileType = sourcecode.c.objc; path = "_____UITests.m"; sourceTree = "<group>"; };
		1A65222B1C972A670018A9F0 /* Info.plist */ = {isa = PBXFileReference; lastKnownFileType = text.plist.xml; path = Info.plist; sourceTree = "<group>"; };
		1A65223A1C972B8E0018A9F0 /* JYScrollView.h */ = {isa = PBXFileReference; fileEncoding = 4; lastKnownFileType = sourcecode.c.h; path = JYScrollView.h; sourceTree = "<group>"; };
		1A65223B1C972B8E0018A9F0 /* JYScrollView.m */ = {isa = PBXFileReference; fileEncoding = 4; lastKnownFileType = sourcecode.c.objc; path = JYScrollView.m; sourceTree = "<group>"; };
		1A65223E1C972BA20018A9F0 /* MKAnnotationView+WebCache.h */ = {isa = PBXFileReference; fileEncoding = 4; lastKnownFileType = sourcecode.c.h; path = "MKAnnotationView+WebCache.h"; sourceTree = "<group>"; };
		1A65223F1C972BA20018A9F0 /* MKAnnotationView+WebCache.m */ = {isa = PBXFileReference; fileEncoding = 4; lastKnownFileType = sourcecode.c.objc; path = "MKAnnotationView+WebCache.m"; sourceTree = "<group>"; };
		1A6522401C972BA20018A9F0 /* NSData+ImageContentType.h */ = {isa = PBXFileReference; fileEncoding = 4; lastKnownFileType = sourcecode.c.h; path = "NSData+ImageContentType.h"; sourceTree = "<group>"; };
		1A6522411C972BA20018A9F0 /* NSData+ImageContentType.m */ = {isa = PBXFileReference; fileEncoding = 4; lastKnownFileType = sourcecode.c.objc; path = "NSData+ImageContentType.m"; sourceTree = "<group>"; };
		1A6522421C972BA20018A9F0 /* SDImageCache.h */ = {isa = PBXFileReference; fileEncoding = 4; lastKnownFileType = sourcecode.c.h; path = SDImageCache.h; sourceTree = "<group>"; };
		1A6522431C972BA20018A9F0 /* SDImageCache.m */ = {isa = PBXFileReference; fileEncoding = 4; lastKnownFileType = sourcecode.c.objc; path = SDImageCache.m; sourceTree = "<group>"; };
		1A6522441C972BA20018A9F0 /* SDWebImageCompat.h */ = {isa = PBXFileReference; fileEncoding = 4; lastKnownFileType = sourcecode.c.h; path = SDWebImageCompat.h; sourceTree = "<group>"; };
		1A6522451C972BA20018A9F0 /* SDWebImageCompat.m */ = {isa = PBXFileReference; fileEncoding = 4; lastKnownFileType = sourcecode.c.objc; path = SDWebImageCompat.m; sourceTree = "<group>"; };
		1A6522461C972BA20018A9F0 /* SDWebImageDecoder.h */ = {isa = PBXFileReference; fileEncoding = 4; lastKnownFileType = sourcecode.c.h; path = SDWebImageDecoder.h; sourceTree = "<group>"; };
		1A6522471C972BA20018A9F0 /* SDWebImageDecoder.m */ = {isa = PBXFileReference; fileEncoding = 4; lastKnownFileType = sourcecode.c.objc; path = SDWebImageDecoder.m; sourceTree = "<group>"; };
		1A6522481C972BA20018A9F0 /* SDWebImageDownloader.h */ = {isa = PBXFileReference; fileEncoding = 4; lastKnownFileType = sourcecode.c.h; path = SDWebImageDownloader.h; sourceTree = "<group>"; };
		1A6522491C972BA20018A9F0 /* SDWebImageDownloader.m */ = {isa = PBXFileReference; fileEncoding = 4; lastKnownFileType = sourcecode.c.objc; path = SDWebImageDownloader.m; sourceTree = "<group>"; };
		1A65224A1C972BA20018A9F0 /* SDWebImageDownloaderOperation.h */ = {isa = PBXFileReference; fileEncoding = 4; lastKnownFileType = sourcecode.c.h; path = SDWebImageDownloaderOperation.h; sourceTree = "<group>"; };
		1A65224B1C972BA20018A9F0 /* SDWebImageDownloaderOperation.m */ = {isa = PBXFileReference; fileEncoding = 4; lastKnownFileType = sourcecode.c.objc; path = SDWebImageDownloaderOperation.m; sourceTree = "<group>"; };
		1A65224C1C972BA20018A9F0 /* SDWebImageManager.h */ = {isa = PBXFileReference; fileEncoding = 4; lastKnownFileType = sourcecode.c.h; path = SDWebImageManager.h; sourceTree = "<group>"; };
		1A65224D1C972BA20018A9F0 /* SDWebImageManager.m */ = {isa = PBXFileReference; fileEncoding = 4; lastKnownFileType = sourcecode.c.objc; path = SDWebImageManager.m; sourceTree = "<group>"; };
		1A65224E1C972BA20018A9F0 /* SDWebImageOperation.h */ = {isa = PBXFileReference; fileEncoding = 4; lastKnownFileType = sourcecode.c.h; path = SDWebImageOperation.h; sourceTree = "<group>"; };
		1A65224F1C972BA20018A9F0 /* SDWebImagePrefetcher.h */ = {isa = PBXFileReference; fileEncoding = 4; lastKnownFileType = sourcecode.c.h; path = SDWebImagePrefetcher.h; sourceTree = "<group>"; };
		1A6522501C972BA20018A9F0 /* SDWebImagePrefetcher.m */ = {isa = PBXFileReference; fileEncoding = 4; lastKnownFileType = sourcecode.c.objc; path = SDWebImagePrefetcher.m; sourceTree = "<group>"; };
		1A6522511C972BA20018A9F0 /* UIButton+WebCache.h */ = {isa = PBXFileReference; fileEncoding = 4; lastKnownFileType = sourcecode.c.h; path = "UIButton+WebCache.h"; sourceTree = "<group>"; };
		1A6522521C972BA20018A9F0 /* UIButton+WebCache.m */ = {isa = PBXFileReference; fileEncoding = 4; lastKnownFileType = sourcecode.c.objc; path = "UIButton+WebCache.m"; sourceTree = "<group>"; };
		1A6522531C972BA20018A9F0 /* UIImage+GIF.h */ = {isa = PBXFileReference; fileEncoding = 4; lastKnownFileType = sourcecode.c.h; path = "UIImage+GIF.h"; sourceTree = "<group>"; };
		1A6522541C972BA20018A9F0 /* UIImage+GIF.m */ = {isa = PBXFileReference; fileEncoding = 4; lastKnownFileType = sourcecode.c.objc; path = "UIImage+GIF.m"; sourceTree = "<group>"; };
		1A6522551C972BA20018A9F0 /* UIImage+MultiFormat.h */ = {isa = PBXFileReference; fileEncoding = 4; lastKnownFileType = sourcecode.c.h; path = "UIImage+MultiFormat.h"; sourceTree = "<group>"; };
		1A6522561C972BA20018A9F0 /* UIImage+MultiFormat.m */ = {isa = PBXFileReference; fileEncoding = 4; lastKnownFileType = sourcecode.c.objc; path = "UIImage+MultiFormat.m"; sourceTree = "<group>"; };
		1A6522571C972BA20018A9F0 /* UIImage+WebP.h */ = {isa = PBXFileReference; fileEncoding = 4; lastKnownFileType = sourcecode.c.h; path = "UIImage+WebP.h"; sourceTree = "<group>"; };
		1A6522581C972BA20018A9F0 /* UIImage+WebP.m */ = {isa = PBXFileReference; fileEncoding = 4; lastKnownFileType = sourcecode.c.objc; path = "UIImage+WebP.m"; sourceTree = "<group>"; };
		1A6522591C972BA20018A9F0 /* UIImageView+HighlightedWebCache.h */ = {isa = PBXFileReference; fileEncoding = 4; lastKnownFileType = sourcecode.c.h; path = "UIImageView+HighlightedWebCache.h"; sourceTree = "<group>"; };
		1A65225A1C972BA20018A9F0 /* UIImageView+HighlightedWebCache.m */ = {isa = PBXFileReference; fileEncoding = 4; lastKnownFileType = sourcecode.c.objc; path = "UIImageView+HighlightedWebCache.m"; sourceTree = "<group>"; };
		1A65225B1C972BA20018A9F0 /* UIImageView+WebCache.h */ = {isa = PBXFileReference; fileEncoding = 4; lastKnownFileType = sourcecode.c.h; path = "UIImageView+WebCache.h"; sourceTree = "<group>"; };
		1A65225C1C972BA20018A9F0 /* UIImageView+WebCache.m */ = {isa = PBXFileReference; fileEncoding = 4; lastKnownFileType = sourcecode.c.objc; path = "UIImageView+WebCache.m"; sourceTree = "<group>"; };
		1A65225D1C972BA20018A9F0 /* UIView+WebCacheOperation.h */ = {isa = PBXFileReference; fileEncoding = 4; lastKnownFileType = sourcecode.c.h; path = "UIView+WebCacheOperation.h"; sourceTree = "<group>"; };
		1A65225E1C972BA20018A9F0 /* UIView+WebCacheOperation.m */ = {isa = PBXFileReference; fileEncoding = 4; lastKnownFileType = sourcecode.c.objc; path = "UIView+WebCacheOperation.m"; sourceTree = "<group>"; };
		1A65226F1C972DA20018A9F0 /* PrefixHeader.pch */ = {isa = PBXFileReference; lastKnownFileType = sourcecode.c.h; path = PrefixHeader.pch; sourceTree = "<group>"; };
		1A6522701C9734AB0018A9F0 /* imageDataArr.plist */ = {isa = PBXFileReference; fileEncoding = 4; lastKnownFileType = text.plist.xml; path = imageDataArr.plist; sourceTree = "<group>"; };
/* End PBXFileReference section */

/* Begin PBXFrameworksBuildPhase section */
		1A6521FE1C972A670018A9F0 /* Frameworks */ = {
			isa = PBXFrameworksBuildPhase;
			buildActionMask = 2147483647;
			files = (
			);
			runOnlyForDeploymentPostprocessing = 0;
		};
		1A6522171C972A670018A9F0 /* Frameworks */ = {
			isa = PBXFrameworksBuildPhase;
			buildActionMask = 2147483647;
			files = (
			);
			runOnlyForDeploymentPostprocessing = 0;
		};
		1A6522221C972A670018A9F0 /* Frameworks */ = {
			isa = PBXFrameworksBuildPhase;
			buildActionMask = 2147483647;
			files = (
			);
			runOnlyForDeploymentPostprocessing = 0;
		};
/* End PBXFrameworksBuildPhase section */

/* Begin PBXGroup section */
		1A6521F81C972A670018A9F0 = {
			isa = PBXGroup;
			children = (
				1A6522031C972A670018A9F0 /* 图片轮播器 */,
				1A65221D1C972A670018A9F0 /* 图片轮播器Tests */,
				1A6522281C972A670018A9F0 /* 图片轮播器UITests */,
				1A6522021C972A670018A9F0 /* Products */,
			);
			sourceTree = "<group>";
		};
		1A6522021C972A670018A9F0 /* Products */ = {
			isa = PBXGroup;
			children = (
				1A6522011C972A670018A9F0 /* 图片轮播器.app */,
				1A65221A1C972A670018A9F0 /* 图片轮播器Tests.xctest */,
				1A6522251C972A670018A9F0 /* 图片轮播器UITests.xctest */,
			);
			name = Products;
			sourceTree = "<group>";
		};
		1A6522031C972A670018A9F0 /* 图片轮播器 */ = {
			isa = PBXGroup;
			children = (
				1A6522371C972B320018A9F0 /* 三方库 */,
				1A6522071C972A670018A9F0 /* AppDelegate.h */,
				1A6522081C972A670018A9F0 /* AppDelegate.m */,
				1A65220A1C972A670018A9F0 /* ViewController.h */,
				1A65220B1C972A670018A9F0 /* ViewController.m */,
				1A65220D1C972A670018A9F0 /* Main.storyboard */,
				1A6522101C972A670018A9F0 /* Assets.xcassets */,
				1A6522121C972A670018A9F0 /* LaunchScreen.storyboard */,
				1A6522151C972A670018A9F0 /* Info.plist */,
				1A6522041C972A670018A9F0 /* Supporting Files */,
			);
			path = "图片轮播器";
			sourceTree = "<group>";
		};
		1A6522041C972A670018A9F0 /* Supporting Files */ = {
			isa = PBXGroup;
			children = (
				1A6522701C9734AB0018A9F0 /* imageDataArr.plist */,
				1A6522051C972A670018A9F0 /* main.m */,
				1A65226F1C972DA20018A9F0 /* PrefixHeader.pch */,
			);
			name = "Supporting Files";
			sourceTree = "<group>";
		};
		1A65221D1C972A670018A9F0 /* 图片轮播器Tests */ = {
			isa = PBXGroup;
			children = (
				1A65221E1C972A670018A9F0 /* _____Tests.m */,
				1A6522201C972A670018A9F0 /* Info.plist */,
			);
			path = "图片轮播器Tests";
			sourceTree = "<group>";
		};
		1A6522281C972A670018A9F0 /* 图片轮播器UITests */ = {
			isa = PBXGroup;
			children = (
				1A6522291C972A670018A9F0 /* _____UITests.m */,
				1A65222B1C972A670018A9F0 /* Info.plist */,
			);
			path = "图片轮播器UITests";
			sourceTree = "<group>";
		};
		1A6522371C972B320018A9F0 /* 三方库 */ = {
			isa = PBXGroup;
			children = (
				1A6522381C972B320018A9F0 /* JYScrollView */,
				1A65223D1C972BA20018A9F0 /* SDWebImage */,
			);
			path = "三方库";
			sourceTree = SOURCE_ROOT;
		};
		1A6522381C972B320018A9F0 /* JYScrollView */ = {
			isa = PBXGroup;
			children = (
				1A65223A1C972B8E0018A9F0 /* JYScrollView.h */,
				1A65223B1C972B8E0018A9F0 /* JYScrollView.m */,
			);
			path = JYScrollView;
			sourceTree = "<group>";
		};
		1A65223D1C972BA20018A9F0 /* SDWebImage */ = {
			isa = PBXGroup;
			children = (
				1A65223E1C972BA20018A9F0 /* MKAnnotationView+WebCache.h */,
				1A65223F1C972BA20018A9F0 /* MKAnnotationView+WebCache.m */,
				1A6522401C972BA20018A9F0 /* NSData+ImageContentType.h */,
				1A6522411C972BA20018A9F0 /* NSData+ImageContentType.m */,
				1A6522421C972BA20018A9F0 /* SDImageCache.h */,
				1A6522431C972BA20018A9F0 /* SDImageCache.m */,
				1A6522441C972BA20018A9F0 /* SDWebImageCompat.h */,
				1A6522451C972BA20018A9F0 /* SDWebImageCompat.m */,
				1A6522461C972BA20018A9F0 /* SDWebImageDecoder.h */,
				1A6522471C972BA20018A9F0 /* SDWebImageDecoder.m */,
				1A6522481C972BA20018A9F0 /* SDWebImageDownloader.h */,
				1A6522491C972BA20018A9F0 /* SDWebImageDownloader.m */,
				1A65224A1C972BA20018A9F0 /* SDWebImageDownloaderOperation.h */,
				1A65224B1C972BA20018A9F0 /* SDWebImageDownloaderOperation.m */,
				1A65224C1C972BA20018A9F0 /* SDWebImageManager.h */,
				1A65224D1C972BA20018A9F0 /* SDWebImageManager.m */,
				1A65224E1C972BA20018A9F0 /* SDWebImageOperation.h */,
				1A65224F1C972BA20018A9F0 /* SDWebImagePrefetcher.h */,
				1A6522501C972BA20018A9F0 /* SDWebImagePrefetcher.m */,
				1A6522511C972BA20018A9F0 /* UIButton+WebCache.h */,
				1A6522521C972BA20018A9F0 /* UIButton+WebCache.m */,
				1A6522531C972BA20018A9F0 /* UIImage+GIF.h */,
				1A6522541C972BA20018A9F0 /* UIImage+GIF.m */,
				1A6522551C972BA20018A9F0 /* UIImage+MultiFormat.h */,
				1A6522561C972BA20018A9F0 /* UIImage+MultiFormat.m */,
				1A6522571C972BA20018A9F0 /* UIImage+WebP.h */,
				1A6522581C972BA20018A9F0 /* UIImage+WebP.m */,
				1A6522591C972BA20018A9F0 /* UIImageView+HighlightedWebCache.h */,
				1A65225A1C972BA20018A9F0 /* UIImageView+HighlightedWebCache.m */,
				1A65225B1C972BA20018A9F0 /* UIImageView+WebCache.h */,
				1A65225C1C972BA20018A9F0 /* UIImageView+WebCache.m */,
				1A65225D1C972BA20018A9F0 /* UIView+WebCacheOperation.h */,
				1A65225E1C972BA20018A9F0 /* UIView+WebCacheOperation.m */,
			);
			path = SDWebImage;
			sourceTree = "<group>";
		};
/* End PBXGroup section */

/* Begin PBXNativeTarget section */
		1A6522001C972A670018A9F0 /* 图片轮播器 */ = {
			isa = PBXNativeTarget;
			buildConfigurationList = 1A65222E1C972A670018A9F0 /* Build configuration list for PBXNativeTarget "图片轮播器" */;
			buildPhases = (
				1A6521FD1C972A670018A9F0 /* Sources */,
				1A6521FE1C972A670018A9F0 /* Frameworks */,
				1A6521FF1C972A670018A9F0 /* Resources */,
			);
			buildRules = (
			);
			dependencies = (
			);
			name = "图片轮播器";
			productName = "图片轮播器";
			productReference = 1A6522011C972A670018A9F0 /* 图片轮播器.app */;
			productType = "com.apple.product-type.application";
		};
		1A6522191C972A670018A9F0 /* 图片轮播器Tests */ = {
			isa = PBXNativeTarget;
			buildConfigurationList = 1A6522311C972A670018A9F0 /* Build configuration list for PBXNativeTarget "图片轮播器Tests" */;
			buildPhases = (
				1A6522161C972A670018A9F0 /* Sources */,
				1A6522171C972A670018A9F0 /* Frameworks */,
				1A6522181C972A670018A9F0 /* Resources */,
			);
			buildRules = (
			);
			dependencies = (
				1A65221C1C972A670018A9F0 /* PBXTargetDependency */,
			);
			name = "图片轮播器Tests";
			productName = "图片轮播器Tests";
			productReference = 1A65221A1C972A670018A9F0 /* 图片轮播器Tests.xctest */;
			productType = "com.apple.product-type.bundle.unit-test";
		};
		1A6522241C972A670018A9F0 /* 图片轮播器UITests */ = {
			isa = PBXNativeTarget;
			buildConfigurationList = 1A6522341C972A670018A9F0 /* Build configuration list for PBXNativeTarget "图片轮播器UITests" */;
			buildPhases = (
				1A6522211C972A670018A9F0 /* Sources */,
				1A6522221C972A670018A9F0 /* Frameworks */,
				1A6522231C972A670018A9F0 /* Resources */,
			);
			buildRules = (
			);
			dependencies = (
				1A6522271C972A670018A9F0 /* PBXTargetDependency */,
			);
			name = "图片轮播器UITests";
			productName = "图片轮播器UITests";
			productReference = 1A6522251C972A670018A9F0 /* 图片轮播器UITests.xctest */;
			productType = "com.apple.product-type.bundle.ui-testing";
		};
/* End PBXNativeTarget section */

/* Begin PBXProject section */
		1A6521F91C972A670018A9F0 /* Project object */ = {
			isa = PBXProject;
			attributes = {
				LastUpgradeCheck = 0720;
				ORGANIZATIONNAME = James;
				TargetAttributes = {
					1A6522001C972A670018A9F0 = {
						CreatedOnToolsVersion = 7.2.1;
					};
					1A6522191C972A670018A9F0 = {
						CreatedOnToolsVersion = 7.2.1;
						TestTargetID = 1A6522001C972A670018A9F0;
					};
					1A6522241C972A670018A9F0 = {
						CreatedOnToolsVersion = 7.2.1;
						TestTargetID = 1A6522001C972A670018A9F0;
					};
				};
			};
			buildConfigurationList = 1A6521FC1C972A670018A9F0 /* Build configuration list for PBXProject "图片轮播器" */;
			compatibilityVersion = "Xcode 3.2";
			developmentRegion = English;
			hasScannedForEncodings = 0;
			knownRegions = (
				en,
				Base,
			);
			mainGroup = 1A6521F81C972A670018A9F0;
			productRefGroup = 1A6522021C972A670018A9F0 /* Products */;
			projectDirPath = "";
			projectRoot = "";
			targets = (
				1A6522001C972A670018A9F0 /* 图片轮播器 */,
				1A6522191C972A670018A9F0 /* 图片轮播器Tests */,
				1A6522241C972A670018A9F0 /* 图片轮播器UITests */,
			);
		};
/* End PBXProject section */

/* Begin PBXResourcesBuildPhase section */
		1A6521FF1C972A670018A9F0 /* Resources */ = {
			isa = PBXResourcesBuildPhase;
			buildActionMask = 2147483647;
			files = (
				1A6522141C972A670018A9F0 /* LaunchScreen.storyboard in Resources */,
				1A6522111C972A670018A9F0 /* Assets.xcassets in Resources */,
				1A6522711C9734AB0018A9F0 /* imageDataArr.plist in Resources */,
				1A65220F1C972A670018A9F0 /* Main.storyboard in Resources */,
			);
			runOnlyForDeploymentPostprocessing = 0;
		};
		1A6522181C972A670018A9F0 /* Resources */ = {
			isa = PBXResourcesBuildPhase;
			buildActionMask = 2147483647;
			files = (
			);
			runOnlyForDeploymentPostprocessing = 0;
		};
		1A6522231C972A670018A9F0 /* Resources */ = {
			isa = PBXResourcesBuildPhase;
			buildActionMask = 2147483647;
			files = (
			);
			runOnlyForDeploymentPostprocessing = 0;
		};
/* End PBXResourcesBuildPhase section */

/* Begin PBXSourcesBuildPhase section */
		1A6521FD1C972A670018A9F0 /* Sources */ = {
			isa = PBXSourcesBuildPhase;
			buildActionMask = 2147483647;
			files = (
				1A65226C1C972BA20018A9F0 /* UIImageView+HighlightedWebCache.m in Sources */,
				1A65226A1C972BA20018A9F0 /* UIImage+MultiFormat.m in Sources */,
				1A6522651C972BA20018A9F0 /* SDWebImageDownloaderOperation.m in Sources */,
				1A65220C1C972A670018A9F0 /* ViewController.m in Sources */,
				1A6522621C972BA20018A9F0 /* SDWebImageCompat.m in Sources */,
				1A6522691C972BA20018A9F0 /* UIImage+GIF.m in Sources */,
				1A6522671C972BA20018A9F0 /* SDWebImagePrefetcher.m in Sources */,
				1A6522091C972A670018A9F0 /* AppDelegate.m in Sources */,
				1A65223C1C972B8E0018A9F0 /* JYScrollView.m in Sources */,
				1A65226B1C972BA20018A9F0 /* UIImage+WebP.m in Sources */,
				1A65226D1C972BA20018A9F0 /* UIImageView+WebCache.m in Sources */,
				1A6522641C972BA20018A9F0 /* SDWebImageDownloader.m in Sources */,
				1A65226E1C972BA20018A9F0 /* UIView+WebCacheOperation.m in Sources */,
				1A6522681C972BA20018A9F0 /* UIButton+WebCache.m in Sources */,
				1A65225F1C972BA20018A9F0 /* MKAnnotationView+WebCache.m in Sources */,
				1A6522601C972BA20018A9F0 /* NSData+ImageContentType.m in Sources */,
				1A6522061C972A670018A9F0 /* main.m in Sources */,
				1A6522661C972BA20018A9F0 /* SDWebImageManager.m in Sources */,
				1A6522631C972BA20018A9F0 /* SDWebImageDecoder.m in Sources */,
				1A6522611C972BA20018A9F0 /* SDImageCache.m in Sources */,
			);
			runOnlyForDeploymentPostprocessing = 0;
		};
		1A6522161C972A670018A9F0 /* Sources */ = {
			isa = PBXSourcesBuildPhase;
			buildActionMask = 2147483647;
			files = (
				1A65221F1C972A670018A9F0 /* _____Tests.m in Sources */,
			);
			runOnlyForDeploymentPostprocessing = 0;
		};
		1A6522211C972A670018A9F0 /* Sources */ = {
			isa = PBXSourcesBuildPhase;
			buildActionMask = 2147483647;
			files = (
				1A65222A1C972A670018A9F0 /* _____UITests.m in Sources */,
			);
			runOnlyForDeploymentPostprocessing = 0;
		};
/* End PBXSourcesBuildPhase section */

/* Begin PBXTargetDependency section */
		1A65221C1C972A670018A9F0 /* PBXTargetDependency */ = {
			isa = PBXTargetDependency;
			target = 1A6522001C972A670018A9F0 /* 图片轮播器 */;
			targetProxy = 1A65221B1C972A670018A9F0 /* PBXContainerItemProxy */;
		};
		1A6522271C972A670018A9F0 /* PBXTargetDependency */ = {
			isa = PBXTargetDependency;
			target = 1A6522001C972A670018A9F0 /* 图片轮播器 */;
			targetProxy = 1A6522261C972A670018A9F0 /* PBXContainerItemProxy */;
		};
/* End PBXTargetDependency section */

/* Begin PBXVariantGroup section */
		1A65220D1C972A670018A9F0 /* Main.storyboard */ = {
			isa = PBXVariantGroup;
			children = (
				1A65220E1C972A670018A9F0 /* Base */,
			);
			name = Main.storyboard;
			sourceTree = "<group>";
		};
		1A6522121C972A670018A9F0 /* LaunchScreen.storyboard */ = {
			isa = PBXVariantGroup;
			children = (
				1A6522131C972A670018A9F0 /* Base */,
			);
			name = LaunchScreen.storyboard;
			sourceTree = "<group>";
		};
/* End PBXVariantGroup section */

/* Begin XCBuildConfiguration section */
		1A65222C1C972A670018A9F0 /* Debug */ = {
			isa = XCBuildConfiguration;
			buildSettings = {
				ALWAYS_SEARCH_USER_PATHS = NO;
				CLANG_CXX_LANGUAGE_STANDARD = "gnu++0x";
				CLANG_CXX_LIBRARY = "libc++";
				CLANG_ENABLE_MODULES = YES;
				CLANG_ENABLE_OBJC_ARC = YES;
				CLANG_WARN_BOOL_CONVERSION = YES;
				CLANG_WARN_CONSTANT_CONVERSION = YES;
				CLANG_WARN_DIRECT_OBJC_ISA_USAGE = YES_ERROR;
				CLANG_WARN_EMPTY_BODY = YES;
				CLANG_WARN_ENUM_CONVERSION = YES;
				CLANG_WARN_INT_CONVERSION = YES;
				CLANG_WARN_OBJC_ROOT_CLASS = YES_ERROR;
				CLANG_WARN_UNREACHABLE_CODE = YES;
				CLANG_WARN__DUPLICATE_METHOD_MATCH = YES;
				"CODE_SIGN_IDENTITY[sdk=iphoneos*]" = "iPhone Developer";
				COPY_PHASE_STRIP = NO;
				DEBUG_INFORMATION_FORMAT = dwarf;
				ENABLE_STRICT_OBJC_MSGSEND = YES;
				ENABLE_TESTABILITY = YES;
				GCC_C_LANGUAGE_STANDARD = gnu99;
				GCC_DYNAMIC_NO_PIC = NO;
				GCC_NO_COMMON_BLOCKS = YES;
				GCC_OPTIMIZATION_LEVEL = 0;
				GCC_PREPROCESSOR_DEFINITIONS = (
					"DEBUG=1",
					"$(inherited)",
				);
				GCC_WARN_64_TO_32_BIT_CONVERSION = YES;
				GCC_WARN_ABOUT_RETURN_TYPE = YES_ERROR;
				GCC_WARN_UNDECLARED_SELECTOR = YES;
				GCC_WARN_UNINITIALIZED_AUTOS = YES_AGGRESSIVE;
				GCC_WARN_UNUSED_FUNCTION = YES;
				GCC_WARN_UNUSED_VARIABLE = YES;
				IPHONEOS_DEPLOYMENT_TARGET = 9.2;
				MTL_ENABLE_DEBUG_INFO = YES;
				ONLY_ACTIVE_ARCH = YES;
				SDKROOT = iphoneos;
				TARGETED_DEVICE_FAMILY = "1,2";
			};
			name = Debug;
		};
		1A65222D1C972A670018A9F0 /* Release */ = {
			isa = XCBuildConfiguration;
			buildSettings = {
				ALWAYS_SEARCH_USER_PATHS = NO;
				CLANG_CXX_LANGUAGE_STANDARD = "gnu++0x";
				CLANG_CXX_LIBRARY = "libc++";
				CLANG_ENABLE_MODULES = YES;
				CLANG_ENABLE_OBJC_ARC = YES;
				CLANG_WARN_BOOL_CONVERSION = YES;
				CLANG_WARN_CONSTANT_CONVERSION = YES;
				CLANG_WARN_DIRECT_OBJC_ISA_USAGE = YES_ERROR;
				CLANG_WARN_EMPTY_BODY = YES;
				CLANG_WARN_ENUM_CONVERSION = YES;
				CLANG_WARN_INT_CONVERSION = YES;
				CLANG_WARN_OBJC_ROOT_CLASS = YES_ERROR;
				CLANG_WARN_UNREACHABLE_CODE = YES;
				CLANG_WARN__DUPLICATE_METHOD_MATCH = YES;
				"CODE_SIGN_IDENTITY[sdk=iphoneos*]" = "iPhone Developer";
				COPY_PHASE_STRIP = NO;
				DEBUG_INFORMATION_FORMAT = "dwarf-with-dsym";
				ENABLE_NS_ASSERTIONS = NO;
				ENABLE_STRICT_OBJC_MSGSEND = YES;
				GCC_C_LANGUAGE_STANDARD = gnu99;
				GCC_NO_COMMON_BLOCKS = YES;
				GCC_WARN_64_TO_32_BIT_CONVERSION = YES;
				GCC_WARN_ABOUT_RETURN_TYPE = YES_ERROR;
				GCC_WARN_UNDECLARED_SELECTOR = YES;
				GCC_WARN_UNINITIALIZED_AUTOS = YES_AGGRESSIVE;
				GCC_WARN_UNUSED_FUNCTION = YES;
				GCC_WARN_UNUSED_VARIABLE = YES;
				IPHONEOS_DEPLOYMENT_TARGET = 9.2;
				MTL_ENABLE_DEBUG_INFO = NO;
				SDKROOT = iphoneos;
				TARGETED_DEVICE_FAMILY = "1,2";
				VALIDATE_PRODUCT = YES;
			};
			name = Release;
		};
		1A65222F1C972A670018A9F0 /* Debug */ = {
			isa = XCBuildConfiguration;
			buildSettings = {
				ASSETCATALOG_COMPILER_APPICON_NAME = AppIcon;
				GCC_PREFIX_HEADER = "$(SRCROOT)/图片轮播器/PrefixHeader.pch";
				INFOPLIST_FILE = "图片轮播器/Info.plist";
				LD_RUNPATH_SEARCH_PATHS = "$(inherited) @executable_path/Frameworks";
				PRODUCT_BUNDLE_IDENTIFIER = "com.james.jiangyan.-----";
				PRODUCT_NAME = "$(TARGET_NAME)";
			};
			name = Debug;
		};
		1A6522301C972A670018A9F0 /* Release */ = {
			isa = XCBuildConfiguration;
			buildSettings = {
				ASSETCATALOG_COMPILER_APPICON_NAME = AppIcon;
				GCC_PREFIX_HEADER = "$(SRCROOT)/图片轮播器/PrefixHeader.pch";
				INFOPLIST_FILE = "图片轮播器/Info.plist";
				LD_RUNPATH_SEARCH_PATHS = "$(inherited) @executable_path/Frameworks";
				PRODUCT_BUNDLE_IDENTIFIER = "com.james.jiangyan.-----";
				PRODUCT_NAME = "$(TARGET_NAME)";
			};
			name = Release;
		};
		1A6522321C972A670018A9F0 /* Debug */ = {
			isa = XCBuildConfiguration;
			buildSettings = {
				BUNDLE_LOADER = "$(TEST_HOST)";
				INFOPLIST_FILE = "图片轮播器Tests/Info.plist";
				LD_RUNPATH_SEARCH_PATHS = "$(inherited) @executable_path/Frameworks @loader_path/Frameworks";
				PRODUCT_BUNDLE_IDENTIFIER = "com.james.jiangyan.-----Tests";
				PRODUCT_NAME = "$(TARGET_NAME)";
				TEST_HOST = "$(BUILT_PRODUCTS_DIR)/图片轮播器.app/图片轮播器";
			};
			name = Debug;
		};
		1A6522331C972A670018A9F0 /* Release */ = {
			isa = XCBuildConfiguration;
			buildSettings = {
				BUNDLE_LOADER = "$(TEST_HOST)";
				INFOPLIST_FILE = "图片轮播器Tests/Info.plist";
				LD_RUNPATH_SEARCH_PATHS = "$(inherited) @executable_path/Frameworks @loader_path/Frameworks";
				PRODUCT_BUNDLE_IDENTIFIER = "com.james.jiangyan.-----Tests";
				PRODUCT_NAME = "$(TARGET_NAME)";
				TEST_HOST = "$(BUILT_PRODUCTS_DIR)/图片轮播器.app/图片轮播器";
			};
			name = Release;
		};
		1A6522351C972A670018A9F0 /* Debug */ = {
			isa = XCBuildConfiguration;
			buildSettings = {
				INFOPLIST_FILE = "图片轮播器UITests/Info.plist";
				LD_RUNPATH_SEARCH_PATHS = "$(inherited) @executable_path/Frameworks @loader_path/Frameworks";
				PRODUCT_BUNDLE_IDENTIFIER = "com.james.jiangyan.-----UITests";
				PRODUCT_NAME = "$(TARGET_NAME)";
				TEST_TARGET_NAME = "图片轮播器";
				USES_XCTRUNNER = YES;
			};
			name = Debug;
		};
		1A6522361C972A670018A9F0 /* Release */ = {
			isa = XCBuildConfiguration;
			buildSettings = {
				INFOPLIST_FILE = "图片轮播器UITests/Info.plist";
				LD_RUNPATH_SEARCH_PATHS = "$(inherited) @executable_path/Frameworks @loader_path/Frameworks";
				PRODUCT_BUNDLE_IDENTIFIER = "com.james.jiangyan.-----UITests";
				PRODUCT_NAME = "$(TARGET_NAME)";
				TEST_TARGET_NAME = "图片轮播器";
				USES_XCTRUNNER = YES;
			};
			name = Release;
		};
/* End XCBuildConfiguration section */

/* Begin XCConfigurationList section */
		1A6521FC1C972A670018A9F0 /* Build configuration list for PBXProject "图片轮播器" */ = {
			isa = XCConfigurationList;
			buildConfigurations = (
				1A65222C1C972A670018A9F0 /* Debug */,
				1A65222D1C972A670018A9F0 /* Release */,
			);
			defaultConfigurationIsVisible = 0;
			defaultConfigurationName = Release;
		};
		1A65222E1C972A670018A9F0 /* Build configuration list for PBXNativeTarget "图片轮播器" */ = {
			isa = XCConfigurationList;
			buildConfigurations = (
				1A65222F1C972A670018A9F0 /* Debug */,
				1A6522301C972A670018A9F0 /* Release */,
			);
			defaultConfigurationIsVisible = 0;
		};
		1A6522311C972A670018A9F0 /* Build configuration list for PBXNativeTarget "图片轮播器Tests" */ = {
			isa = XCConfigurationList;
			buildConfigurations = (
				1A6522321C972A670018A9F0 /* Debug */,
				1A6522331C972A670018A9F0 /* Release */,
			);
			defaultConfigurationIsVisible = 0;
		};
		1A6522341C972A670018A9F0 /* Build configuration list for PBXNativeTarget "图片轮播器UITests" */ = {
			isa = XCConfigurationList;
			buildConfigurations = (
				1A6522351C972A670018A9F0 /* Debug */,
				1A6522361C972A670018A9F0 /* Release */,
			);
			defaultConfigurationIsVisible = 0;
		};
/* End XCConfigurationList section */
	};
	rootObject = 1A6521F91C972A670018A9F0 /* Project object */;
}
